
Microsoft Visual Studio Solution File, Format Version 12.00
# Visual Studio Version 17
VisualStudioVersion = 17.14.37710.0 d17.14
MinimumVisualStudioVersion = 10.0.40219.1
Project("{FAE04EC0-301F-11D3-BF4B-00C04F79EFBC}") = "Library", "Library\Library.csproj", "{71428E0A-1253-42E9-AF38-72B2A7254EC9}"
EndProject
Global
	GlobalSection(SolutionConfigurationPlatforms) = preSolution
		Debug|Any CPU = Debug|Any CPU
		Release|Any CPU = Release|Any CPU
	EndGlobalSection
	GlobalSection(ProjectConfigurationPlatforms) = postSolution
		{71428E0A-1253-42E9-AF38-72B2A7254EC9}.Debug|Any CPU.ActiveCfg = Debug|Any CPU
		{71428E0A-1253-42E9-AF38-72B2A7254EC9}.Debug|Any CPU.Build.0 = Debug|Any CPU
		{71428E0A-1253-42E9-AF38-72B2A7254EC9}.Release|Any CPU.ActiveCfg = Release|Any CPU
		{71428E0A-1253-42E9-AF38-72B2A7254EC9}.Release|Any CPU.Build.0 = Release|Any CPU
	EndGlobalSection
	GlobalSection(SolutionProperties) = preSolution
		HideSolutionNode = FALSE
	EndGlobalSection
	GlobalSection(ExtensibilityGlobals) = postSolution
		SolutionGuid = {A6D39EE6-72EF-41E6-B54B-0CC0A8C3C775}
	EndGlobalSection
EndGlobal
